
Microsoft Visual Studio Solution File, Format Version 12.00
# Visual Studio Version 17
VisualStudioVersion = 17.6.33723.286
MinimumVisualStudioVersion = 10.0.40219.1
Project("{FAE04EC0-301F-11D3-BF4B-00C04F79EFBC}") = "UserRegistrationProblem", "UserRegistrationProblem\UserRegistrationProblem.csproj", "{7FD266FD-B689-4DC5-96C9-6BBDBC865F85}"
EndProject
Project("{FAE04EC0-301F-11D3-BF4B-00C04F79EFBC}") = "UserRegistrationTest", "UserRegistrationTest\UserRegistrationTest.csproj", "{80A35FBB-4E91-49A6-9E5A-D650E86CB11C}"
EndProject
Global
	GlobalSection(SolutionConfigurationPlatforms) = preSolution
		Debug|Any CPU = Debug|Any CPU
		Release|Any CPU = Release|Any CPU
	EndGlobalSection
	GlobalSection(ProjectConfigurationPlatforms) = postSolution
		{7FD266FD-B689-4DC5-96C9-6BBDBC865F85}.Debug|Any CPU.ActiveCfg = Debug|Any CPU
		{7FD266FD-B689-4DC5-96C9-6BBDBC865F85}.Debug|Any CPU.Build.0 = Debug|Any CPU
		{7FD266FD-B689-4DC5-96C9-6BBDBC865F85}.Release|Any CPU.ActiveCfg = Release|Any CPU
		{7FD266FD-B689-4DC5-96C9-6BBDBC865F85}.Release|Any CPU.Build.0 = Release|Any CPU
		{80A35FBB-4E91-49A6-9E5A-D650E86CB11C}.Debug|Any CPU.ActiveCfg = Debug|Any CPU
		{80A35FBB-4E91-49A6-9E5A-D650E86CB11C}.Debug|Any CPU.Build.0 = Debug|Any CPU
		{80A35FBB-4E91-49A6-9E5A-D650E86CB11C}.Release|Any CPU.ActiveCfg = Release|Any CPU
		{80A35FBB-4E91-49A6-9E5A-D650E86CB11C}.Release|Any CPU.Build.0 = Release|Any CPU
	EndGlobalSection
	GlobalSection(SolutionProperties) = preSolution
		HideSolutionNode = FALSE
	EndGlobalSection
	GlobalSection(ExtensibilityGlobals) = postSolution
		SolutionGuid = {B5B8F43F-7BF1-4CA2-84BA-14F924D2BCDB}
	EndGlobalSection
EndGlobal
